// !$*UTF8*$!
{
	archiveVersion = 1;
	classes = {
	};
	objectVersion = 50;
	objects = {

/* Begin PBXBuildFile section */
		2AB36E42237CE1B500C1867D /* AppDelegate.swift in Sources */ = {isa = PBXBuildFile; fileRef = 2AB36E41237CE1B500C1867D /* AppDelegate.swift */; };
		2AB36E44237CE1B500C1867D /* SceneDelegate.swift in Sources */ = {isa = PBXBuildFile; fileRef = 2AB36E43237CE1B500C1867D /* SceneDelegate.swift */; };
		2AB36E46237CE1B500C1867D /* ViewController.swift in Sources */ = {isa = PBXBuildFile; fileRef = 2AB36E45237CE1B500C1867D /* ViewController.swift */; };
		2AB36E49237CE1B500C1867D /* Main.storyboard in Resources */ = {isa = PBXBuildFile; fileRef = 2AB36E47237CE1B500C1867D /* Main.storyboard */; };
		2AB36E4B237CE1B700C1867D /* Assets.xcassets in Resources */ = {isa = PBXBuildFile; fileRef = 2AB36E4A237CE1B700C1867D /* Assets.xcassets */; };
		2AB36E4E237CE1B700C1867D /* LaunchScreen.storyboard in Resources */ = {isa = PBXBuildFile; fileRef = 2AB36E4C237CE1B700C1867D /* LaunchScreen.storyboard */; };
/* End PBXBuildFile section */

/* Begin PBXFileReference section */
		2AB36E3E237CE1B500C1867D /* ChatTestRealm.app */ = {isa = PBXFileReference; explicitFileType = wrapper.application; includeInIndex = 0; path = ChatTestRealm.app; sourceTree = BUILT_PRODUCTS_DIR; };
		2AB36E41237CE1B500C1867D /* AppDelegate.swift */ = {isa = PBXFileReference; lastKnownFileType = sourcecode.swift; path = AppDelegate.swift; sourceTree = "<group>"; };
		2AB36E43237CE1B500C1867D /* SceneDelegate.swift */ = {isa = PBXFileReference; lastKnownFileType = sourcecode.swift; path = SceneDelegate.swift; sourceTree = "<group>"; };
		2AB36E45237CE1B500C1867D /* ViewController.swift */ = {isa = PBXFileReference; lastKnownFileType = sourcecode.swift; path = ViewController.swift; sourceTree = "<group>"; };
		2AB36E48237CE1B500C1867D /* Base */ = {isa = PBXFileReference; lastKnownFileType = file.storyboard; name = Base; path = Base.lproj/Main.storyboard; sourceTree = "<group>"; };
		2AB36E4A237CE1B700C1867D /* Assets.xcassets */ = {isa = PBXFileReference; lastKnownFileType = folder.assetcatalog; path = Assets.xcassets; sourceTree = "<group>"; };
		2AB36E4D237CE1B700C1867D /* Base */ = {isa = PBXFileReference; lastKnownFileType = file.storyboard; name = Base; path = Base.lproj/LaunchScreen.storyboard; sourceTree = "<group>"; };
		2AB36E4F237CE1B700C1867D /* Info.plist */ = {isa = PBXFileReference; lastKnownFileType = text.plist.xml; path = Info.plist; sourceTree = "<group>"; };
/* End PBXFileReference section */

/* Begin PBXFrameworksBuildPhase section */
		2AB36E3B237CE1B500C1867D /* Frameworks */ = {
			isa = PBXFrameworksBuildPhase;
			buildActionMask = 2147483647;
			files = (
			);
			runOnlyForDeploymentPostprocessing = 0;
		};
/* End PBXFrameworksBuildPhase section */

/* Begin PBXGroup section */
		2AB36E35237CE1B500C1867D = {
			isa = PBXGroup;
			children = (
				2AB36E40237CE1B500C1867D /* ChatTestRealm */,
				2AB36E3F237CE1B500C1867D /* Products */,
			);
			sourceTree = "<group>";
		};
		2AB36E3F237CE1B500C1867D /* Products */ = {
			isa = PBXGroup;
			children = (
				2AB36E3E237CE1B500C1867D /* ChatTestRealm.app */,
			);
			name = Products;
			sourceTree = "<group>";
		};
		2AB36E40237CE1B500C1867D /* ChatTestRealm */ = {
			isa = PBXGroup;
			children = (
				2AB36E41237CE1B500C1867D /* AppDelegate.swift */,
				2AB36E43237CE1B500C1867D /* SceneDelegate.swift */,
				2AB36E45237CE1B500C1867D /* ViewController.swift */,
				2AB36E47237CE1B500C1867D /* Main.storyboard */,
				2AB36E4A237CE1B700C1867D /* Assets.xcassets */,
				2AB36E4C237CE1B700C1867D /* LaunchScreen.storyboard */,
				2AB36E4F237CE1B700C1867D /* Info.plist */,
			);
			path = ChatTestRealm;
			sourceTree = "<group>";
		};
/* End PBXGroup section */

/* Begin PBXNativeTarget section */
		2AB36E3D237CE1B500C1867D /* ChatTestRealm */ = {
			isa = PBXNativeTarget;
			buildConfigurationList = 2AB36E52237CE1B700C1867D /* Build configuration list for PBXNativeTarget "ChatTestRealm" */;
			buildPhases = (
				2AB36E3A237CE1B500C1867D /* Sources */,
				2AB36E3B237CE1B500C1867D /* Frameworks */,
				2AB36E3C237CE1B500C1867D /* Resources */,
			);
			buildRules = (
			);
			dependencies = (
			);
			name = ChatTestRealm;
			productName = ChatTestRealm;
			productReference = 2AB36E3E237CE1B500C1867D /* ChatTestRealm.app */;
			productType = "com.apple.product-type.application";
		};
/* End PBXNativeTarget section */

/* Begin PBXProject section */
		2AB36E36237CE1B500C1867D /* Project object */ = {
			isa = PBXProject;
			attributes = {
				LastSwiftUpdateCheck = 1120;
				LastUpgradeCheck = 1120;
				ORGANIZATIONNAME = iKai0314;
				TargetAttributes = {
					2AB36E3D237CE1B500C1867D = {
						CreatedOnToolsVersion = 11.2;
					};
				};
			};
			buildConfigurationList = 2AB36E39237CE1B500C1867D /* Build configuration list for PBXProject "ChatTestRealm" */;
			compatibilityVersion = "Xcode 9.3";
			developmentRegion = en;
			hasScannedForEncodings = 0;
			knownRegions = (
				en,
				Base,
			);
			mainGroup = 2AB36E35237CE1B500C1867D;
			productRefGroup = 2AB36E3F237CE1B500C1867D /* Products */;
			projectDirPath = "";
			projectRoot = "";
			targets = (
				2AB36E3D237CE1B500C1867D /* ChatTestRealm */,
			);
		};
/* End PBXProject section */

/* Begin PBXResourcesBuildPhase section */
		2AB36E3C237CE1B500C1867D /* Resources */ = {
			isa = PBXResourcesBuildPhase;
			buildActionMask = 2147483647;
			files = (
				2AB36E4E237CE1B700C1867D /* LaunchScreen.storyboard in Resources */,
				2AB36E4B237CE1B700C1867D /* Assets.xcassets in Resources */,
				2AB36E49237CE1B500C1867D /* Main.storyboard in Resources */,
			);
			runOnlyForDeploymentPostprocessing = 0;
		};
/* End PBXResourcesBuildPhase section */

/* Begin PBXSourcesBuildPhase section */
		2AB36E3A237CE1B500C1867D /* Sources */ = {
			isa = PBXSourcesBuildPhase;
			buildActionMask = 2147483647;
			files = (
				2AB36E46237CE1B500C1867D /* ViewController.swift in Sources */,
				2AB36E42237CE1B500C1867D /* AppDelegate.swift in Sources */,
				2AB36E44237CE1B500C1867D /* SceneDelegate.swift in Sources */,
			);
			runOnlyForDeploymentPostprocessing = 0;
		};
/* End PBXSourcesBuildPhase section */

/* Begin PBXVariantGroup section */
		2AB36E47237CE1B500C1867D /* Main.storyboard */ = {
			isa = PBXVariantGroup;
			children = (
				2AB36E48237CE1B500C1867D /* Base */,
			);
			name = Main.storyboard;
			sourceTree = "<group>";
		};
		2AB36E4C237CE1B700C1867D /* LaunchScreen.storyboard */ = {
			isa = PBXVariantGroup;
			children = (
				2AB36E4D237CE1B700C1867D /* Base */,
			);
			name = LaunchScreen.storyboard;
			sourceTree = "<group>";
		};
/* End PBXVariantGroup section */

/* Begin XCBuildConfiguration section */
		2AB36E50237CE1B700C1867D /* Debug */ = {
			isa = XCBuildConfiguration;
			buildSettings = {
				ALWAYS_SEARCH_USER_PATHS = NO;
				CLANG_ANALYZER_NONNULL = YES;
				CLANG_ANALYZER_NUMBER_OBJECT_CONVERSION = YES_AGGRESSIVE;
				CLANG_CXX_LANGUAGE_STANDARD = "gnu++14";
				CLANG_CXX_LIBRARY = "libc++";
				CLANG_ENABLE_MODULES = YES;
				CLANG_ENABLE_OBJC_ARC = YES;
				CLANG_ENABLE_OBJC_WEAK = YES;
				CLANG_WARN_BLOCK_CAPTURE_AUTORELEASING = YES;
				CLANG_WARN_BOOL_CONVERSION = YES;
				CLANG_WARN_COMMA = YES;
				CLANG_WARN_CONSTANT_CONVERSION = YES;
				CLANG_WARN_DEPRECATED_OBJC_IMPLEMENTATIONS = YES;
				CLANG_WARN_DIRECT_OBJC_ISA_USAGE = YES_ERROR;
				CLANG_WARN_DOCUMENTATION_COMMENTS = YES;
				CLANG_WARN_EMPTY_BODY = YES;
				CLANG_WARN_ENUM_CONVERSION = YES;
				CLANG_WARN_INFINITE_RECURSION = YES;
				CLANG_WARN_INT_CONVERSION = YES;
				CLANG_WARN_NON_LITERAL_NULL_CONVERSION = YES;
				CLANG_WARN_OBJC_IMPLICIT_RETAIN_SELF = YES;
				CLANG_WARN_OBJC_LITERAL_CONVERSION = YES;
				CLANG_WARN_OBJC_ROOT_CLASS = YES_ERROR;
				CLANG_WARN_RANGE_LOOP_ANALYSIS = YES;
				CLANG_WARN_STRICT_PROTOTYPES = YES;
				CLANG_WARN_SUSPICIOUS_MOVE = YES;
				CLANG_WARN_UNGUARDED_AVAILABILITY = YES_AGGRESSIVE;
				CLANG_WARN_UNREACHABLE_CODE = YES;
				CLANG_WARN__DUPLICATE_METHOD_MATCH = YES;
				COPY_PHASE_STRIP = NO;
				DEBUG_INFORMATION_FORMAT = dwarf;
				ENABLE_STRICT_OBJC_MSGSEND = YES;
				ENABLE_TESTABILITY = YES;
				GCC_C_LANGUAGE_STANDARD = gnu11;
				GCC_DYNAMIC_NO_PIC = NO;
				GCC_NO_COMMON_BLOCKS = YES;
				GCC_OPTIMIZATION_LEVEL = 0;
				GCC_PREPROCESSOR_DEFINITIONS = (
					"DEBUG=1",
					"$(inherited)",
				);
				GCC_WARN_64_TO_32_BIT_CONVERSION = YES;
				GCC_WARN_ABOUT_RETURN_TYPE = YES_ERROR;
				GCC_WARN_UNDECLARED_SELECTOR = YES;
				GCC_WARN_UNINITIALIZED_AUTOS = YES_AGGRESSIVE;
				GCC_WARN_UNUSED_FUNCTION = YES;
				GCC_WARN_UNUSED_VARIABLE = YES;
				IPHONEOS_DEPLOYMENT_TARGET = 13.2;
				MTL_ENABLE_DEBUG_INFO = INCLUDE_SOURCE;
				MTL_FAST_MATH = YES;
				ONLY_ACTIVE_ARCH = YES;
				SDKROOT = iphoneos;
				SWIFT_ACTIVE_COMPILATION_CONDITIONS = DEBUG;
				SWIFT_OPTIMIZATION_LEVEL = "-Onone";
			};
			name = Debug;
		};
		2AB36E51237CE1B700C1867D /* Release */ = {
			isa = XCBuildConfiguration;
			buildSettings = {
				ALWAYS_SEARCH_USER_PATHS = NO;
				CLANG_ANALYZER_NONNULL = YES;
				CLANG_ANALYZER_NUMBER_OBJECT_CONVERSION = YES_AGGRESSIVE;
				CLANG_CXX_LANGUAGE_STANDARD = "gnu++14";
				CLANG_CXX_LIBRARY = "libc++";
				CLANG_ENABLE_MODULES = YES;
				CLANG_ENABLE_OBJC_ARC = YES;
				CLANG_ENABLE_OBJC_WEAK = YES;
				CLANG_WARN_BLOCK_CAPTURE_AUTORELEASING = YES;
				CLANG_WARN_BOOL_CONVERSION = YES;
				CLANG_WARN_COMMA = YES;
				CLANG_WARN_CONSTANT_CONVERSION = YES;
				CLANG_WARN_DEPRECATED_OBJC_IMPLEMENTATIONS = YES;
				CLANG_WARN_DIRECT_OBJC_ISA_USAGE = YES_ERROR;
				CLANG_WARN_DOCUMENTATION_COMMENTS = YES;
				CLANG_WARN_EMPTY_BODY = YES;
				CLANG_WARN_ENUM_CONVERSION = YES;
				CLANG_WARN_INFINITE_RECURSION = YES;
				CLANG_WARN_INT_CONVERSION = YES;
				CLANG_WARN_NON_LITERAL_NULL_CONVERSION = YES;
				CLANG_WARN_OBJC_IMPLICIT_RETAIN_SELF = YES;
				CLANG_WARN_OBJC_LITERAL_CONVERSION = YES;
				CLANG_WARN_OBJC_ROOT_CLASS = YES_ERROR;
				CLANG_WARN_RANGE_LOOP_ANALYSIS = YES;
				CLANG_WARN_STRICT_PROTOTYPES = YES;
				CLANG_WARN_SUSPICIOUS_MOVE = YES;
				CLANG_WARN_UNGUARDED_AVAILABILITY = YES_AGGRESSIVE;
				CLANG_WARN_UNREACHABLE_CODE = YES;
				CLANG_WARN__DUPLICATE_METHOD_MATCH = YES;
				COPY_PHASE_STRIP = NO;
				DEBUG_INFORMATION_FORMAT = "dwarf-with-dsym";
				ENABLE_NS_ASSERTIONS = NO;
				ENABLE_STRICT_OBJC_MSGSEND = YES;
				GCC_C_LANGUAGE_STANDARD = gnu11;
				GCC_NO_COMMON_BLOCKS = YES;
				GCC_WARN_64_TO_32_BIT_CONVERSION = YES;
				GCC_WARN_ABOUT_RETURN_TYPE = YES_ERROR;
				GCC_WARN_UNDECLARED_SELECTOR = YES;
				GCC_WARN_UNINITIALIZED_AUTOS = YES_AGGRESSIVE;
				GCC_WARN_UNUSED_FUNCTION = YES;
				GCC_WARN_UNUSED_VARIABLE = YES;
				IPHONEOS_DEPLOYMENT_TARGET = 13.2;
				MTL_ENABLE_DEBUG_INFO = NO;
				MTL_FAST_MATH = YES;
				SDKROOT = iphoneos;
				SWIFT_COMPILATION_MODE = wholemodule;
				SWIFT_OPTIMIZATION_LEVEL = "-O";
				VALIDATE_PRODUCT = YES;
			};
			name = Release;
		};
		2AB36E53237CE1B700C1867D /* Debug */ = {
			isa = XCBuildConfiguration;
			buildSettings = {
				ASSETCATALOG_COMPILER_APPICON_NAME = AppIcon;
				CODE_SIGN_STYLE = Automatic;
				DEVELOPMENT_TEAM = 64F6HZ6XCV;
				INFOPLIST_FILE = ChatTestRealm/Info.plist;
				LD_RUNPATH_SEARCH_PATHS = (
					"$(inherited)",
					"@executable_path/Frameworks",
				);
				PRODUCT_BUNDLE_IDENTIFIER = com.iKai0314.ChatTestRealm;
				PRODUCT_NAME = "$(TARGET_NAME)";
				SWIFT_VERSION = 5.0;
				TARGETED_DEVICE_FAMILY = "1,2";
			};
			name = Debug;
		};
		2AB36E54237CE1B700C1867D /* Release */ = {
			isa = XCBuildConfiguration;
			buildSettings = {
				ASSETCATALOG_COMPILER_APPICON_NAME = AppIcon;
				CODE_SIGN_STYLE = Automatic;
				DEVELOPMENT_TEAM = 64F6HZ6XCV;
				INFOPLIST_FILE = ChatTestRealm/Info.plist;
				LD_RUNPATH_SEARCH_PATHS = (
					"$(inherited)",
					"@executable_path/Frameworks",
				);
				PRODUCT_BUNDLE_IDENTIFIER = com.iKai0314.ChatTestRealm;
				PRODUCT_NAME = "$(TARGET_NAME)";
				SWIFT_VERSION = 5.0;
				TARGETED_DEVICE_FAMILY = "1,2";
			};
			name = Release;
		};
/* End XCBuildConfiguration section */

/* Begin XCConfigurationList section */
		2AB36E39237CE1B500C1867D /* Build configuration list for PBXProject "ChatTestRealm" */ = {
			isa = XCConfigurationList;
			buildConfigurations = (
				2AB36E50237CE1B700C1867D /* Debug */,
				2AB36E51237CE1B700C1867D /* Release */,
			);
			defaultConfigurationIsVisible = 0;
			defaultConfigurationName = Release;
		};
		2AB36E52237CE1B700C1867D /* Build configuration list for PBXNativeTarget "ChatTestRealm" */ = {
			isa = XCConfigurationList;
			buildConfigurations = (
				2AB36E53237CE1B700C1867D /* Debug */,
				2AB36E54237CE1B700C1867D /* Release */,
			);
			defaultConfigurationIsVisible = 0;
			defaultConfigurationName = Release;
		};
/* End XCConfigurationList section */
	};
	rootObject = 2AB36E36237CE1B500C1867D /* Project object */;
}
